
Microsoft Visual Studio Solution File, Format Version 12.00
# Visual Studio Version 17
VisualStudioVersion = 17.7.34031.279
MinimumVisualStudioVersion = 10.0.40219.1
Project("{9A19103F-16F7-4668-BE54-9A1E7A4F7556}") = "MyWebApplication", "MyWebApplication.csproj", "{C8917237-8288-40D9-9BF2-A181C1B3F01B}"
EndProject
Global
	GlobalSection(SolutionConfigurationPlatforms) = preSolution
		Debug|Any CPU = Debug|Any CPU
		Release|Any CPU = Release|Any CPU
	EndGlobalSection
	GlobalSection(ProjectConfigurationPlatforms) = postSolution
		{C8917237-8288-40D9-9BF2-A181C1B3F01B}.Debug|Any CPU.ActiveCfg = Debug|Any CPU
		{C8917237-8288-40D9-9BF2-A181C1B3F01B}.Debug|Any CPU.Build.0 = Debug|Any CPU
		{C8917237-8288-40D9-9BF2-A181C1B3F01B}.Release|Any CPU.ActiveCfg = Release|Any CPU
		{C8917237-8288-40D9-9BF2-A181C1B3F01B}.Release|Any CPU.Build.0 = Release|Any CPU
	EndGlobalSection
	GlobalSection(SolutionProperties) = preSolution
		HideSolutionNode = FALSE
	EndGlobalSection
	GlobalSection(ExtensibilityGlobals) = postSolution
		SolutionGuid = {3C98AC87-180B-4F57-924D-94435AE651EB}
	EndGlobalSection
EndGlobal
